
Microsoft Visual Studio Solution File, Format Version 12.00
# Visual Studio Version 16
VisualStudioVersion = 16.0.29509.3
MinimumVisualStudioVersion = 10.0.40219.1
Project("{FAE04EC0-301F-11D3-BF4B-00C04F79EFBC}") = "01 - DAL", "01 - DAL\01 - DAL.csproj", "{B051F390-B2FA-4165-BC2F-6BBE16121D8B}"
EndProject
Project("{FAE04EC0-301F-11D3-BF4B-00C04F79EFBC}") = "02 - BLL", "02 - BLL\02 - BLL.csproj", "{EA78C331-54F9-4533-8A12-3783765DB96F}"
EndProject
Project("{FAE04EC0-301F-11D3-BF4B-00C04F79EFBC}") = "03 - UI", "03 - UI\03 - UI.csproj", "{AFF4E889-84B3-4CF0-A692-BA917CE81778}"
EndProject
Global
	GlobalSection(SolutionConfigurationPlatforms) = preSolution
		Debug|Any CPU = Debug|Any CPU
		Release|Any CPU = Release|Any CPU
	EndGlobalSection
	GlobalSection(ProjectConfigurationPlatforms) = postSolution
		{B051F390-B2FA-4165-BC2F-6BBE16121D8B}.Debug|Any CPU.ActiveCfg = Debug|Any CPU
		{B051F390-B2FA-4165-BC2F-6BBE16121D8B}.Debug|Any CPU.Build.0 = Debug|Any CPU
		{B051F390-B2FA-4165-BC2F-6BBE16121D8B}.Release|Any CPU.ActiveCfg = Release|Any CPU
		{B051F390-B2FA-4165-BC2F-6BBE16121D8B}.Release|Any CPU.Build.0 = Release|Any CPU
		{EA78C331-54F9-4533-8A12-3783765DB96F}.Debug|Any CPU.ActiveCfg = Debug|Any CPU
		{EA78C331-54F9-4533-8A12-3783765DB96F}.Debug|Any CPU.Build.0 = Debug|Any CPU
		{EA78C331-54F9-4533-8A12-3783765DB96F}.Release|Any CPU.ActiveCfg = Release|Any CPU
		{EA78C331-54F9-4533-8A12-3783765DB96F}.Release|Any CPU.Build.0 = Release|Any CPU
		{AFF4E889-84B3-4CF0-A692-BA917CE81778}.Debug|Any CPU.ActiveCfg = Debug|Any CPU
		{AFF4E889-84B3-4CF0-A692-BA917CE81778}.Debug|Any CPU.Build.0 = Debug|Any CPU
		{AFF4E889-84B3-4CF0-A692-BA917CE81778}.Release|Any CPU.ActiveCfg = Release|Any CPU
		{AFF4E889-84B3-4CF0-A692-BA917CE81778}.Release|Any CPU.Build.0 = Release|Any CPU
	EndGlobalSection
	GlobalSection(SolutionProperties) = preSolution
		HideSolutionNode = FALSE
	EndGlobalSection
	GlobalSection(ExtensibilityGlobals) = postSolution
		SolutionGuid = {3D9B2050-DF0A-4C36-809A-BF33C4B71F1A}
	EndGlobalSection
EndGlobal
